// !$*UTF8*$!
{
	archiveVersion = 1;
	classes = {
	};
	objectVersion = 46;
	objects = {

/* Begin PBXBuildFile section */
		DDBA0DC81EE4AC1100C7099C /* AppDelegate.swift in Sources */ = {isa = PBXBuildFile; fileRef = DDBA0DC71EE4AC1100C7099C /* AppDelegate.swift */; };
		DDBA0DCA1EE4AC1100C7099C /* ViewController.swift in Sources */ = {isa = PBXBuildFile; fileRef = DDBA0DC91EE4AC1100C7099C /* ViewController.swift */; };
		DDBA0DCD1EE4AC1100C7099C /* Main.storyboard in Resources */ = {isa = PBXBuildFile; fileRef = DDBA0DCB1EE4AC1100C7099C /* Main.storyboard */; };
		DDBA0DCF1EE4AC1100C7099C /* Assets.xcassets in Resources */ = {isa = PBXBuildFile; fileRef = DDBA0DCE1EE4AC1100C7099C /* Assets.xcassets */; };
		DDBA0DD21EE4AC1100C7099C /* LaunchScreen.storyboard in Resources */ = {isa = PBXBuildFile; fileRef = DDBA0DD01EE4AC1100C7099C /* LaunchScreen.storyboard */; };
/* End PBXBuildFile section */

/* Begin PBXFileReference section */
		DDBA0DC41EE4AC1100C7099C /* ChampStats.app */ = {isa = PBXFileReference; explicitFileType = wrapper.application; includeInIndex = 0; path = ChampStats.app; sourceTree = BUILT_PRODUCTS_DIR; };
		DDBA0DC71EE4AC1100C7099C /* AppDelegate.swift */ = {isa = PBXFileReference; lastKnownFileType = sourcecode.swift; path = AppDelegate.swift; sourceTree = "<group>"; };
		DDBA0DC91EE4AC1100C7099C /* ViewController.swift */ = {isa = PBXFileReference; lastKnownFileType = sourcecode.swift; path = ViewController.swift; sourceTree = "<group>"; };
		DDBA0DCC1EE4AC1100C7099C /* Base */ = {isa = PBXFileReference; lastKnownFileType = file.storyboard; name = Base; path = Base.lproj/Main.storyboard; sourceTree = "<group>"; };
		DDBA0DCE1EE4AC1100C7099C /* Assets.xcassets */ = {isa = PBXFileReference; lastKnownFileType = folder.assetcatalog; path = Assets.xcassets; sourceTree = "<group>"; };
		DDBA0DD11EE4AC1100C7099C /* Base */ = {isa = PBXFileReference; lastKnownFileType = file.storyboard; name = Base; path = Base.lproj/LaunchScreen.storyboard; sourceTree = "<group>"; };
		DDBA0DD31EE4AC1100C7099C /* Info.plist */ = {isa = PBXFileReference; lastKnownFileType = text.plist.xml; path = Info.plist; sourceTree = "<group>"; };
/* End PBXFileReference section */

/* Begin PBXFrameworksBuildPhase section */
		DDBA0DC11EE4AC1100C7099C /* Frameworks */ = {
			isa = PBXFrameworksBuildPhase;
			buildActionMask = 2147483647;
			files = (
			);
			runOnlyForDeploymentPostprocessing = 0;
		};
/* End PBXFrameworksBuildPhase section */

/* Begin PBXGroup section */
		DDBA0DBB1EE4AC1100C7099C = {
			isa = PBXGroup;
			children = (
				DDBA0DC61EE4AC1100C7099C /* ChampStats */,
				DDBA0DC51EE4AC1100C7099C /* Products */,
			);
			sourceTree = "<group>";
		};
		DDBA0DC51EE4AC1100C7099C /* Products */ = {
			isa = PBXGroup;
			children = (
				DDBA0DC41EE4AC1100C7099C /* ChampStats.app */,
			);
			name = Products;
			sourceTree = "<group>";
		};
		DDBA0DC61EE4AC1100C7099C /* ChampStats */ = {
			isa = PBXGroup;
			children = (
				DDBA0DC71EE4AC1100C7099C /* AppDelegate.swift */,
				DDBA0DC91EE4AC1100C7099C /* ViewController.swift */,
				DDBA0DCB1EE4AC1100C7099C /* Main.storyboard */,
				DDBA0DCE1EE4AC1100C7099C /* Assets.xcassets */,
				DDBA0DD01EE4AC1100C7099C /* LaunchScreen.storyboard */,
				DDBA0DD31EE4AC1100C7099C /* Info.plist */,
			);
			path = ChampStats;
			sourceTree = "<group>";
		};
/* End PBXGroup section */

/* Begin PBXNativeTarget section */
		DDBA0DC31EE4AC1100C7099C /* ChampStats */ = {
			isa = PBXNativeTarget;
			buildConfigurationList = DDBA0DD61EE4AC1100C7099C /* Build configuration list for PBXNativeTarget "ChampStats" */;
			buildPhases = (
				DDBA0DC01EE4AC1100C7099C /* Sources */,
				DDBA0DC11EE4AC1100C7099C /* Frameworks */,
				DDBA0DC21EE4AC1100C7099C /* Resources */,
			);
			buildRules = (
			);
			dependencies = (
			);
			name = ChampStats;
			productName = ChampStats;
			productReference = DDBA0DC41EE4AC1100C7099C /* ChampStats.app */;
			productType = "com.apple.product-type.application";
		};
/* End PBXNativeTarget section */

/* Begin PBXProject section */
		DDBA0DBC1EE4AC1100C7099C /* Project object */ = {
			isa = PBXProject;
			attributes = {
				LastSwiftUpdateCheck = 0830;
				LastUpgradeCheck = 0830;
				ORGANIZATIONNAME = 4BirdsStudios;
				TargetAttributes = {
					DDBA0DC31EE4AC1100C7099C = {
						CreatedOnToolsVersion = 8.3.2;
						DevelopmentTeam = 2W296DP4H3;
						ProvisioningStyle = Automatic;
					};
				};
			};
			buildConfigurationList = DDBA0DBF1EE4AC1100C7099C /* Build configuration list for PBXProject "ChampStats" */;
			compatibilityVersion = "Xcode 3.2";
			developmentRegion = English;
			hasScannedForEncodings = 0;
			knownRegions = (
				en,
				Base,
			);
			mainGroup = DDBA0DBB1EE4AC1100C7099C;
			productRefGroup = DDBA0DC51EE4AC1100C7099C /* Products */;
			projectDirPath = "";
			projectRoot = "";
			targets = (
				DDBA0DC31EE4AC1100C7099C /* ChampStats */,
			);
		};
/* End PBXProject section */

/* Begin PBXResourcesBuildPhase section */
		DDBA0DC21EE4AC1100C7099C /* Resources */ = {
			isa = PBXResourcesBuildPhase;
			buildActionMask = 2147483647;
			files = (
				DDBA0DD21EE4AC1100C7099C /* LaunchScreen.storyboard in Resources */,
				DDBA0DCF1EE4AC1100C7099C /* Assets.xcassets in Resources */,
				DDBA0DCD1EE4AC1100C7099C /* Main.storyboard in Resources */,
			);
			runOnlyForDeploymentPostprocessing = 0;
		};
/* End PBXResourcesBuildPhase section */

/* Begin PBXSourcesBuildPhase section */
		DDBA0DC01EE4AC1100C7099C /* Sources */ = {
			isa = PBXSourcesBuildPhase;
			buildActionMask = 2147483647;
			files = (
				DDBA0DCA1EE4AC1100C7099C /* ViewController.swift in Sources */,
				DDBA0DC81EE4AC1100C7099C /* AppDelegate.swift in Sources */,
			);
			runOnlyForDeploymentPostprocessing = 0;
		};
/* End PBXSourcesBuildPhase section */

/* Begin PBXVariantGroup section */
		DDBA0DCB1EE4AC1100C7099C /* Main.storyboard */ = {
			isa = PBXVariantGroup;
			children = (
				DDBA0DCC1EE4AC1100C7099C /* Base */,
			);
			name = Main.storyboard;
			sourceTree = "<group>";
		};
		DDBA0DD01EE4AC1100C7099C /* LaunchScreen.storyboard */ = {
			isa = PBXVariantGroup;
			children = (
				DDBA0DD11EE4AC1100C7099C /* Base */,
			);
			name = LaunchScreen.storyboard;
			sourceTree = "<group>";
		};
/* End PBXVariantGroup section */

/* Begin XCBuildConfiguration section */
		DDBA0DD41EE4AC1100C7099C /* Debug */ = {
			isa = XCBuildConfiguration;
			buildSettings = {
				ALWAYS_SEARCH_USER_PATHS = NO;
				CLANG_ANALYZER_NONNULL = YES;
				CLANG_ANALYZER_NUMBER_OBJECT_CONVERSION = YES_AGGRESSIVE;
				CLANG_CXX_LANGUAGE_STANDARD = "gnu++0x";
				CLANG_CXX_LIBRARY = "libc++";
				CLANG_ENABLE_MODULES = YES;
				CLANG_ENABLE_OBJC_ARC = YES;
				CLANG_WARN_BOOL_CONVERSION = YES;
				CLANG_WARN_CONSTANT_CONVERSION = YES;
				CLANG_WARN_DIRECT_OBJC_ISA_USAGE = YES_ERROR;
				CLANG_WARN_DOCUMENTATION_COMMENTS = YES;
				CLANG_WARN_EMPTY_BODY = YES;
				CLANG_WARN_ENUM_CONVERSION = YES;
				CLANG_WARN_INFINITE_RECURSION = YES;
				CLANG_WARN_INT_CONVERSION = YES;
				CLANG_WARN_OBJC_ROOT_CLASS = YES_ERROR;
				CLANG_WARN_SUSPICIOUS_MOVE = YES;
				CLANG_WARN_UNREACHABLE_CODE = YES;
				CLANG_WARN__DUPLICATE_METHOD_MATCH = YES;
				"CODE_SIGN_IDENTITY[sdk=iphoneos*]" = "iPhone Developer";
				COPY_PHASE_STRIP = NO;
				DEBUG_INFORMATION_FORMAT = dwarf;
				ENABLE_STRICT_OBJC_MSGSEND = YES;
				ENABLE_TESTABILITY = YES;
				GCC_C_LANGUAGE_STANDARD = gnu99;
				GCC_DYNAMIC_NO_PIC = NO;
				GCC_NO_COMMON_BLOCKS = YES;
				GCC_OPTIMIZATION_LEVEL = 0;
				GCC_PREPROCESSOR_DEFINITIONS = (
					"DEBUG=1",
					"$(inherited)",
				);
				GCC_WARN_64_TO_32_BIT_CONVERSION = YES;
				GCC_WARN_ABOUT_RETURN_TYPE = YES_ERROR;
				GCC_WARN_UNDECLARED_SELECTOR = YES;
				GCC_WARN_UNINITIALIZED_AUTOS = YES_AGGRESSIVE;
				GCC_WARN_UNUSED_FUNCTION = YES;
				GCC_WARN_UNUSED_VARIABLE = YES;
				IPHONEOS_DEPLOYMENT_TARGET = 10.3;
				MTL_ENABLE_DEBUG_INFO = YES;
				ONLY_ACTIVE_ARCH = YES;
				SDKROOT = iphoneos;
				SWIFT_ACTIVE_COMPILATION_CONDITIONS = DEBUG;
				SWIFT_OPTIMIZATION_LEVEL = "-Onone";
				TARGETED_DEVICE_FAMILY = "1,2";
			};
			name = Debug;
		};
		DDBA0DD51EE4AC1100C7099C /* Release */ = {
			isa = XCBuildConfiguration;
			buildSettings = {
				ALWAYS_SEARCH_USER_PATHS = NO;
				CLANG_ANALYZER_NONNULL = YES;
				CLANG_ANALYZER_NUMBER_OBJECT_CONVERSION = YES_AGGRESSIVE;
				CLANG_CXX_LANGUAGE_STANDARD = "gnu++0x";
				CLANG_CXX_LIBRARY = "libc++";
				CLANG_ENABLE_MODULES = YES;
				CLANG_ENABLE_OBJC_ARC = YES;
				CLANG_WARN_BOOL_CONVERSION = YES;
				CLANG_WARN_CONSTANT_CONVERSION = YES;
				CLANG_WARN_DIRECT_OBJC_ISA_USAGE = YES_ERROR;
				CLANG_WARN_DOCUMENTATION_COMMENTS = YES;
				CLANG_WARN_EMPTY_BODY = YES;
				CLANG_WARN_ENUM_CONVERSION = YES;
				CLANG_WARN_INFINITE_RECURSION = YES;
				CLANG_WARN_INT_CONVERSION = YES;
				CLANG_WARN_OBJC_ROOT_CLASS = YES_ERROR;
				CLANG_WARN_SUSPICIOUS_MOVE = YES;
				CLANG_WARN_UNREACHABLE_CODE = YES;
				CLANG_WARN__DUPLICATE_METHOD_MATCH = YES;
				"CODE_SIGN_IDENTITY[sdk=iphoneos*]" = "iPhone Developer";
				COPY_PHASE_STRIP = NO;
				DEBUG_INFORMATION_FORMAT = "dwarf-with-dsym";
				ENABLE_NS_ASSERTIONS = NO;
				ENABLE_STRICT_OBJC_MSGSEND = YES;
				GCC_C_LANGUAGE_STANDARD = gnu99;
				GCC_NO_COMMON_BLOCKS = YES;
				GCC_WARN_64_TO_32_BIT_CONVERSION = YES;
				GCC_WARN_ABOUT_RETURN_TYPE = YES_ERROR;
				GCC_WARN_UNDECLARED_SELECTOR = YES;
				GCC_WARN_UNINITIALIZED_AUTOS = YES_AGGRESSIVE;
				GCC_WARN_UNUSED_FUNCTION = YES;
				GCC_WARN_UNUSED_VARIABLE = YES;
				IPHONEOS_DEPLOYMENT_TARGET = 10.3;
				MTL_ENABLE_DEBUG_INFO = NO;
				SDKROOT = iphoneos;
				SWIFT_OPTIMIZATION_LEVEL = "-Owholemodule";
				TARGETED_DEVICE_FAMILY = "1,2";
				VALIDATE_PRODUCT = YES;
			};
			name = Release;
		};
		DDBA0DD71EE4AC1100C7099C /* Debug */ = {
			isa = XCBuildConfiguration;
			buildSettings = {
				ASSETCATALOG_COMPILER_APPICON_NAME = AppIcon;
				DEVELOPMENT_TEAM = 2W296DP4H3;
				INFOPLIST_FILE = ChampStats/Info.plist;
				LD_RUNPATH_SEARCH_PATHS = "$(inherited) @executable_path/Frameworks";
				PRODUCT_BUNDLE_IDENTIFIER = com.4birdstudios.ChampStats;
				PRODUCT_NAME = "$(TARGET_NAME)";
				SWIFT_VERSION = 3.0;
			};
			name = Debug;
		};
		DDBA0DD81EE4AC1100C7099C /* Release */ = {
			isa = XCBuildConfiguration;
			buildSettings = {
				ASSETCATALOG_COMPILER_APPICON_NAME = AppIcon;
				DEVELOPMENT_TEAM = 2W296DP4H3;
				INFOPLIST_FILE = ChampStats/Info.plist;
				LD_RUNPATH_SEARCH_PATHS = "$(inherited) @executable_path/Frameworks";
				PRODUCT_BUNDLE_IDENTIFIER = com.4birdstudios.ChampStats;
				PRODUCT_NAME = "$(TARGET_NAME)";
				SWIFT_VERSION = 3.0;
			};
			name = Release;
		};
/* End XCBuildConfiguration section */

/* Begin XCConfigurationList section */
		DDBA0DBF1EE4AC1100C7099C /* Build configuration list for PBXProject "ChampStats" */ = {
			isa = XCConfigurationList;
			buildConfigurations = (
				DDBA0DD41EE4AC1100C7099C /* Debug */,
				DDBA0DD51EE4AC1100C7099C /* Release */,
			);
			defaultConfigurationIsVisible = 0;
			defaultConfigurationName = Release;
		};
		DDBA0DD61EE4AC1100C7099C /* Build configuration list for PBXNativeTarget "ChampStats" */ = {
			isa = XCConfigurationList;
			buildConfigurations = (
				DDBA0DD71EE4AC1100C7099C /* Debug */,
				DDBA0DD81EE4AC1100C7099C /* Release */,
			);
			defaultConfigurationIsVisible = 0;
		};
/* End XCConfigurationList section */
	};
	rootObject = DDBA0DBC1EE4AC1100C7099C /* Project object */;
}
